{
  "name": "backend-interview-assignment",
  "lockfileVersion": 3,
  "requires": true,
  "packages": {
    "": {
      "dependencies": {
        "router": "github:zhmushan/router#v2"
      }
    },
    "node_modules/router": {
      "version": "2.0.1",
      "resolved": "git+ssh://git@github.com/zhmushan/router.git#34310a568ac46e6a187e4b1ea27a40d9aae6df7e",
      "license": "MIT"
    }
  }
}
